// !$*UTF8*$!
{
	archiveVersion = 1;
	classes = {
	};
	objectVersion = 56;
	objects = {

/* Begin PBXBuildFile section */
		04302BA22ED1CA7B006CA546 /* products.json in Resources */ = {isa = PBXBuildFile; fileRef = 04302BA12ED1CA7B006CA546 /* products.json */; };
		043082552EDB121C00FA1156 /* CategoryViewController.swift in Sources */ = {isa = PBXBuildFile; fileRef = 043082542EDB121C00FA1156 /* CategoryViewController.swift */; };
		0437A3562EBF639700F0E804 /* SecondViewController.swift in Sources */ = {isa = PBXBuildFile; fileRef = 0437A3552EBF639700F0E804 /* SecondViewController.swift */; };
		0482769F2EB6345300A25720 /* AppDelegate.swift in Sources */ = {isa = PBXBuildFile; fileRef = 0482769E2EB6345300A25720 /* AppDelegate.swift */; };
		048276A12EB6345300A25720 /* SceneDelegate.swift in Sources */ = {isa = PBXBuildFile; fileRef = 048276A02EB6345300A25720 /* SceneDelegate.swift */; };
		048276A32EB6345300A25720 /* ViewController.swift in Sources */ = {isa = PBXBuildFile; fileRef = 048276A22EB6345300A25720 /* ViewController.swift */; };
		048276A62EB6345300A25720 /* Main.storyboard in Resources */ = {isa = PBXBuildFile; fileRef = 048276A42EB6345300A25720 /* Main.storyboard */; };
		048276A82EB6345400A25720 /* Assets.xcassets in Resources */ = {isa = PBXBuildFile; fileRef = 048276A72EB6345400A25720 /* Assets.xcassets */; };
		048276AB2EB6345400A25720 /* LaunchScreen.storyboard in Resources */ = {isa = PBXBuildFile; fileRef = 048276A92EB6345400A25720 /* LaunchScreen.storyboard */; };
		04C9AD9B2EE456C7009F22FA /* ShopViewController.swift in Sources */ = {isa = PBXBuildFile; fileRef = 04C9AD9A2EE456C7009F22FA /* ShopViewController.swift */; };
/* End PBXBuildFile section */

/* Begin PBXFileReference section */
		04302BA12ED1CA7B006CA546 /* products.json */ = {isa = PBXFileReference; fileEncoding = 4; lastKnownFileType = text.json; path = products.json; sourceTree = "<group>"; };
		043082542EDB121C00FA1156 /* CategoryViewController.swift */ = {isa = PBXFileReference; lastKnownFileType = sourcecode.swift; path = CategoryViewController.swift; sourceTree = "<group>"; };
		0437A3552EBF639700F0E804 /* SecondViewController.swift */ = {isa = PBXFileReference; lastKnownFileType = sourcecode.swift; path = SecondViewController.swift; sourceTree = "<group>"; };
		0482769B2EB6345300A25720 /* Smirnov-Pavel.app */ = {isa = PBXFileReference; explicitFileType = wrapper.application; includeInIndex = 0; path = "Smirnov-Pavel.app"; sourceTree = BUILT_PRODUCTS_DIR; };
		0482769E2EB6345300A25720 /* AppDelegate.swift */ = {isa = PBXFileReference; lastKnownFileType = sourcecode.swift; path = AppDelegate.swift; sourceTree = "<group>"; };
		048276A02EB6345300A25720 /* SceneDelegate.swift */ = {isa = PBXFileReference; lastKnownFileType = sourcecode.swift; path = SceneDelegate.swift; sourceTree = "<group>"; };
		048276A22EB6345300A25720 /* ViewController.swift */ = {isa = PBXFileReference; lastKnownFileType = sourcecode.swift; path = ViewController.swift; sourceTree = "<group>"; };
		048276A52EB6345300A25720 /* Base */ = {isa = PBXFileReference; lastKnownFileType = file.storyboard; name = Base; path = Base.lproj/Main.storyboard; sourceTree = "<group>"; };
		048276A72EB6345400A25720 /* Assets.xcassets */ = {isa = PBXFileReference; lastKnownFileType = folder.assetcatalog; path = Assets.xcassets; sourceTree = "<group>"; };
		048276AA2EB6345400A25720 /* Base */ = {isa = PBXFileReference; lastKnownFileType = file.storyboard; name = Base; path = Base.lproj/LaunchScreen.storyboard; sourceTree = "<group>"; };
		048276AC2EB6345400A25720 /* Info.plist */ = {isa = PBXFileReference; lastKnownFileType = text.plist.xml; path = Info.plist; sourceTree = "<group>"; };
		04C9AD9A2EE456C7009F22FA /* ShopViewController.swift */ = {isa = PBXFileReference; lastKnownFileType = sourcecode.swift; path = ShopViewController.swift; sourceTree = "<group>"; };
/* End PBXFileReference section */

/* Begin PBXFrameworksBuildPhase section */
		048276982EB6345300A25720 /* Frameworks */ = {
			isa = PBXFrameworksBuildPhase;
			buildActionMask = 2147483647;
			files = (
			);
			runOnlyForDeploymentPostprocessing = 0;
		};
/* End PBXFrameworksBuildPhase section */

/* Begin PBXGroup section */
		048276922EB6345300A25720 = {
			isa = PBXGroup;
			children = (
				0482769D2EB6345300A25720 /* Smirnov-Pavel */,
				0482769C2EB6345300A25720 /* Products */,
			);
			sourceTree = "<group>";
		};
		0482769C2EB6345300A25720 /* Products */ = {
			isa = PBXGroup;
			children = (
				0482769B2EB6345300A25720 /* Smirnov-Pavel.app */,
			);
			name = Products;
			sourceTree = "<group>";
		};
		0482769D2EB6345300A25720 /* Smirnov-Pavel */ = {
			isa = PBXGroup;
			children = (
				04C9AD9A2EE456C7009F22FA /* ShopViewController.swift */,
				043082542EDB121C00FA1156 /* CategoryViewController.swift */,
				0482769E2EB6345300A25720 /* AppDelegate.swift */,
				048276A02EB6345300A25720 /* SceneDelegate.swift */,
				048276A22EB6345300A25720 /* ViewController.swift */,
				048276A42EB6345300A25720 /* Main.storyboard */,
				048276A72EB6345400A25720 /* Assets.xcassets */,
				048276A92EB6345400A25720 /* LaunchScreen.storyboard */,
				048276AC2EB6345400A25720 /* Info.plist */,
				0437A3552EBF639700F0E804 /* SecondViewController.swift */,
				04302BA12ED1CA7B006CA546 /* products.json */,
			);
			path = "Smirnov-Pavel";
			sourceTree = "<group>";
		};
/* End PBXGroup section */

/* Begin PBXNativeTarget section */
		0482769A2EB6345300A25720 /* Smirnov-Pavel */ = {
			isa = PBXNativeTarget;
			buildConfigurationList = 048276AF2EB6345400A25720 /* Build configuration list for PBXNativeTarget "Smirnov-Pavel" */;
			buildPhases = (
				048276972EB6345300A25720 /* Sources */,
				048276982EB6345300A25720 /* Frameworks */,
				048276992EB6345300A25720 /* Resources */,
			);
			buildRules = (
			);
			dependencies = (
			);
			name = "Smirnov-Pavel";
			productName = "Smirnov-Pavel";
			productReference = 0482769B2EB6345300A25720 /* Smirnov-Pavel.app */;
			productType = "com.apple.product-type.application";
		};
/* End PBXNativeTarget section */

/* Begin PBXProject section */
		048276932EB6345300A25720 /* Project object */ = {
			isa = PBXProject;
			attributes = {
				BuildIndependentTargetsInParallel = 1;
				LastSwiftUpdateCheck = 1420;
				LastUpgradeCheck = 1420;
				TargetAttributes = {
					0482769A2EB6345300A25720 = {
						CreatedOnToolsVersion = 14.2;
					};
				};
			};
			buildConfigurationList = 048276962EB6345300A25720 /* Build configuration list for PBXProject "Smirnov-Pavel" */;
			compatibilityVersion = "Xcode 14.0";
			developmentRegion = en;
			hasScannedForEncodings = 0;
			knownRegions = (
				en,
				Base,
			);
			mainGroup = 048276922EB6345300A25720;
			productRefGroup = 0482769C2EB6345300A25720 /* Products */;
			projectDirPath = "";
			projectRoot = "";
			targets = (
				0482769A2EB6345300A25720 /* Smirnov-Pavel */,
			);
		};
/* End PBXProject section */

/* Begin PBXResourcesBuildPhase section */
		048276992EB6345300A25720 /* Resources */ = {
			isa = PBXResourcesBuildPhase;
			buildActionMask = 2147483647;
			files = (
				048276AB2EB6345400A25720 /* LaunchScreen.storyboard in Resources */,
				04302BA22ED1CA7B006CA546 /* products.json in Resources */,
				048276A82EB6345400A25720 /* Assets.xcassets in Resources */,
				048276A62EB6345300A25720 /* Main.storyboard in Resources */,
			);
			runOnlyForDeploymentPostprocessing = 0;
		};
/* End PBXResourcesBuildPhase section */

/* Begin PBXSourcesBuildPhase section */
		048276972EB6345300A25720 /* Sources */ = {
			isa = PBXSourcesBuildPhase;
			buildActionMask = 2147483647;
			files = (
				043082552EDB121C00FA1156 /* CategoryViewController.swift in Sources */,
				0437A3562EBF639700F0E804 /* SecondViewController.swift in Sources */,
				048276A32EB6345300A25720 /* ViewController.swift in Sources */,
				0482769F2EB6345300A25720 /* AppDelegate.swift in Sources */,
				048276A12EB6345300A25720 /* SceneDelegate.swift in Sources */,
				04C9AD9B2EE456C7009F22FA /* ShopViewController.swift in Sources */,
			);
			runOnlyForDeploymentPostprocessing = 0;
		};
/* End PBXSourcesBuildPhase section */

/* Begin PBXVariantGroup section */
		048276A42EB6345300A25720 /* Main.storyboard */ = {
			isa = PBXVariantGroup;
			children = (
				048276A52EB6345300A25720 /* Base */,
			);
			name = Main.storyboard;
			sourceTree = "<group>";
		};
		048276A92EB6345400A25720 /* LaunchScreen.storyboard */ = {
			isa = PBXVariantGroup;
			children = (
				048276AA2EB6345400A25720 /* Base */,
			);
			name = LaunchScreen.storyboard;
			sourceTree = "<group>";
		};
/* End PBXVariantGroup section */

/* Begin XCBuildConfiguration section */
		048276AD2EB6345400A25720 /* Debug */ = {
			isa = XCBuildConfiguration;
			buildSettings = {
				ALWAYS_SEARCH_USER_PATHS = NO;
				CLANG_ANALYZER_NONNULL = YES;
				CLANG_ANALYZER_NUMBER_OBJECT_CONVERSION = YES_AGGRESSIVE;
				CLANG_CXX_LANGUAGE_STANDARD = "gnu++20";
				CLANG_ENABLE_MODULES = YES;
				CLANG_ENABLE_OBJC_ARC = YES;
				CLANG_ENABLE_OBJC_WEAK = YES;
				CLANG_WARN_BLOCK_CAPTURE_AUTORELEASING = YES;
				CLANG_WARN_BOOL_CONVERSION = YES;
				CLANG_WARN_COMMA = YES;
				CLANG_WARN_CONSTANT_CONVERSION = YES;
				CLANG_WARN_DEPRECATED_OBJC_IMPLEMENTATIONS = YES;
				CLANG_WARN_DIRECT_OBJC_ISA_USAGE = YES_ERROR;
				CLANG_WARN_DOCUMENTATION_COMMENTS = YES;
				CLANG_WARN_EMPTY_BODY = YES;
				CLANG_WARN_ENUM_CONVERSION = YES;
				CLANG_WARN_INFINITE_RECURSION = YES;
				CLANG_WARN_INT_CONVERSION = YES;
				CLANG_WARN_NON_LITERAL_NULL_CONVERSION = YES;
				CLANG_WARN_OBJC_IMPLICIT_RETAIN_SELF = YES;
				CLANG_WARN_OBJC_LITERAL_CONVERSION = YES;
				CLANG_WARN_OBJC_ROOT_CLASS = YES_ERROR;
				CLANG_WARN_QUOTED_INCLUDE_IN_FRAMEWORK_HEADER = YES;
				CLANG_WARN_RANGE_LOOP_ANALYSIS = YES;
				CLANG_WARN_STRICT_PROTOTYPES = YES;
				CLANG_WARN_SUSPICIOUS_MOVE = YES;
				CLANG_WARN_UNGUARDED_AVAILABILITY = YES_AGGRESSIVE;
				CLANG_WARN_UNREACHABLE_CODE = YES;
				CLANG_WARN__DUPLICATE_METHOD_MATCH = YES;
				COPY_PHASE_STRIP = NO;
				DEBUG_INFORMATION_FORMAT = dwarf;
				ENABLE_STRICT_OBJC_MSGSEND = YES;
				ENABLE_TESTABILITY = YES;
				GCC_C_LANGUAGE_STANDARD = gnu11;
				GCC_DYNAMIC_NO_PIC = NO;
				GCC_NO_COMMON_BLOCKS = YES;
				GCC_OPTIMIZATION_LEVEL = 0;
				GCC_PREPROCESSOR_DEFINITIONS = (
					"DEBUG=1",
					"$(inherited)",
				);
				GCC_WARN_64_TO_32_BIT_CONVERSION = YES;
				GCC_WARN_ABOUT_RETURN_TYPE = YES_ERROR;
				GCC_WARN_UNDECLARED_SELECTOR = YES;
				GCC_WARN_UNINITIALIZED_AUTOS = YES_AGGRESSIVE;
				GCC_WARN_UNUSED_FUNCTION = YES;
				GCC_WARN_UNUSED_VARIABLE = YES;
				IPHONEOS_DEPLOYMENT_TARGET = 16.2;
				MTL_ENABLE_DEBUG_INFO = INCLUDE_SOURCE;
				MTL_FAST_MATH = YES;
				ONLY_ACTIVE_ARCH = YES;
				SDKROOT = iphoneos;
				SWIFT_ACTIVE_COMPILATION_CONDITIONS = DEBUG;
				SWIFT_OPTIMIZATION_LEVEL = "-Onone";
			};
			name = Debug;
		};
		048276AE2EB6345400A25720 /* Release */ = {
			isa = XCBuildConfiguration;
			buildSettings = {
				ALWAYS_SEARCH_USER_PATHS = NO;
				CLANG_ANALYZER_NONNULL = YES;
				CLANG_ANALYZER_NUMBER_OBJECT_CONVERSION = YES_AGGRESSIVE;
				CLANG_CXX_LANGUAGE_STANDARD = "gnu++20";
				CLANG_ENABLE_MODULES = YES;
				CLANG_ENABLE_OBJC_ARC = YES;
				CLANG_ENABLE_OBJC_WEAK = YES;
				CLANG_WARN_BLOCK_CAPTURE_AUTORELEASING = YES;
				CLANG_WARN_BOOL_CONVERSION = YES;
				CLANG_WARN_COMMA = YES;
				CLANG_WARN_CONSTANT_CONVERSION = YES;
				CLANG_WARN_DEPRECATED_OBJC_IMPLEMENTATIONS = YES;
				CLANG_WARN_DIRECT_OBJC_ISA_USAGE = YES_ERROR;
				CLANG_WARN_DOCUMENTATION_COMMENTS = YES;
				CLANG_WARN_EMPTY_BODY = YES;
				CLANG_WARN_ENUM_CONVERSION = YES;
				CLANG_WARN_INFINITE_RECURSION = YES;
				CLANG_WARN_INT_CONVERSION = YES;
				CLANG_WARN_NON_LITERAL_NULL_CONVERSION = YES;
				CLANG_WARN_OBJC_IMPLICIT_RETAIN_SELF = YES;
				CLANG_WARN_OBJC_LITERAL_CONVERSION = YES;
				CLANG_WARN_OBJC_ROOT_CLASS = YES_ERROR;
				CLANG_WARN_QUOTED_INCLUDE_IN_FRAMEWORK_HEADER = YES;
				CLANG_WARN_RANGE_LOOP_ANALYSIS = YES;
				CLANG_WARN_STRICT_PROTOTYPES = YES;
				CLANG_WARN_SUSPICIOUS_MOVE = YES;
				CLANG_WARN_UNGUARDED_AVAILABILITY = YES_AGGRESSIVE;
				CLANG_WARN_UNREACHABLE_CODE = YES;
				CLANG_WARN__DUPLICATE_METHOD_MATCH = YES;
				COPY_PHASE_STRIP = NO;
				DEBUG_INFORMATION_FORMAT = "dwarf-with-dsym";
				ENABLE_NS_ASSERTIONS = NO;
				ENABLE_STRICT_OBJC_MSGSEND = YES;
				GCC_C_LANGUAGE_STANDARD = gnu11;
				GCC_NO_COMMON_BLOCKS = YES;
				GCC_WARN_64_TO_32_BIT_CONVERSION = YES;
				GCC_WARN_ABOUT_RETURN_TYPE = YES_ERROR;
				GCC_WARN_UNDECLARED_SELECTOR = YES;
				GCC_WARN_UNINITIALIZED_AUTOS = YES_AGGRESSIVE;
				GCC_WARN_UNUSED_FUNCTION = YES;
				GCC_WARN_UNUSED_VARIABLE = YES;
				IPHONEOS_DEPLOYMENT_TARGET = 16.2;
				MTL_ENABLE_DEBUG_INFO = NO;
				MTL_FAST_MATH = YES;
				SDKROOT = iphoneos;
				SWIFT_COMPILATION_MODE = wholemodule;
				SWIFT_OPTIMIZATION_LEVEL = "-O";
				VALIDATE_PRODUCT = YES;
			};
			name = Release;
		};
		048276B02EB6345400A25720 /* Debug */ = {
			isa = XCBuildConfiguration;
			buildSettings = {
				ASSETCATALOG_COMPILER_APPICON_NAME = AppIcon;
				ASSETCATALOG_COMPILER_GLOBAL_ACCENT_COLOR_NAME = AccentColor;
				CODE_SIGN_STYLE = Automatic;
				CURRENT_PROJECT_VERSION = 1;
				GENERATE_INFOPLIST_FILE = YES;
				INFOPLIST_FILE = "Smirnov-Pavel/Info.plist";
				INFOPLIST_KEY_UIApplicationSupportsIndirectInputEvents = YES;
				INFOPLIST_KEY_UILaunchStoryboardName = LaunchScreen;
				INFOPLIST_KEY_UIMainStoryboardFile = Main;
				INFOPLIST_KEY_UISupportedInterfaceOrientations_iPad = "UIInterfaceOrientationPortrait UIInterfaceOrientationPortraitUpsideDown UIInterfaceOrientationLandscapeLeft UIInterfaceOrientationLandscapeRight";
				INFOPLIST_KEY_UISupportedInterfaceOrientations_iPhone = "UIInterfaceOrientationPortrait UIInterfaceOrientationLandscapeLeft UIInterfaceOrientationLandscapeRight";
				LD_RUNPATH_SEARCH_PATHS = (
					"$(inherited)",
					"@executable_path/Frameworks",
				);
				MARKETING_VERSION = 1.0;
				PRODUCT_BUNDLE_IDENTIFIER = "com.test.Smirnov-Pavel";
				PRODUCT_NAME = "$(TARGET_NAME)";
				SWIFT_EMIT_LOC_STRINGS = YES;
				SWIFT_VERSION = 5.0;
				TARGETED_DEVICE_FAMILY = "1,2";
			};
			name = Debug;
		};
		048276B12EB6345400A25720 /* Release */ = {
			isa = XCBuildConfiguration;
			buildSettings = {
				ASSETCATALOG_COMPILER_APPICON_NAME = AppIcon;
				ASSETCATALOG_COMPILER_GLOBAL_ACCENT_COLOR_NAME = AccentColor;
				CODE_SIGN_STYLE = Automatic;
				CURRENT_PROJECT_VERSION = 1;
				GENERATE_INFOPLIST_FILE = YES;
				INFOPLIST_FILE = "Smirnov-Pavel/Info.plist";
				INFOPLIST_KEY_UIApplicationSupportsIndirectInputEvents = YES;
				INFOPLIST_KEY_UILaunchStoryboardName = LaunchScreen;
				INFOPLIST_KEY_UIMainStoryboardFile = Main;
				INFOPLIST_KEY_UISupportedInterfaceOrientations_iPad = "UIInterfaceOrientationPortrait UIInterfaceOrientationPortraitUpsideDown UIInterfaceOrientationLandscapeLeft UIInterfaceOrientationLandscapeRight";
				INFOPLIST_KEY_UISupportedInterfaceOrientations_iPhone = "UIInterfaceOrientationPortrait UIInterfaceOrientationLandscapeLeft UIInterfaceOrientationLandscapeRight";
				LD_RUNPATH_SEARCH_PATHS = (
					"$(inherited)",
					"@executable_path/Frameworks",
				);
				MARKETING_VERSION = 1.0;
				PRODUCT_BUNDLE_IDENTIFIER = "com.test.Smirnov-Pavel";
				PRODUCT_NAME = "$(TARGET_NAME)";
				SWIFT_EMIT_LOC_STRINGS = YES;
				SWIFT_VERSION = 5.0;
				TARGETED_DEVICE_FAMILY = "1,2";
			};
			name = Release;
		};
/* End XCBuildConfiguration section */

/* Begin XCConfigurationList section */
		048276962EB6345300A25720 /* Build configuration list for PBXProject "Smirnov-Pavel" */ = {
			isa = XCConfigurationList;
			buildConfigurations = (
				048276AD2EB6345400A25720 /* Debug */,
				048276AE2EB6345400A25720 /* Release */,
			);
			defaultConfigurationIsVisible = 0;
			defaultConfigurationName = Release;
		};
		048276AF2EB6345400A25720 /* Build configuration list for PBXNativeTarget "Smirnov-Pavel" */ = {
			isa = XCConfigurationList;
			buildConfigurations = (
				048276B02EB6345400A25720 /* Debug */,
				048276B12EB6345400A25720 /* Release */,
			);
			defaultConfigurationIsVisible = 0;
			defaultConfigurationName = Release;
		};
/* End XCConfigurationList section */
	};
	rootObject = 048276932EB6345300A25720 /* Project object */;
}
